// !$*UTF8*$!
{
	archiveVersion = 1;
	classes = {
	};
	objectVersion = 56;
	objects = {

/* Begin PBXBuildFile section */
		DE0002000000000000000001 /* DefernoApp.swift in Sources */ = {isa = PBXBuildFile; fileRef = DE0001000000000000000001 /* DefernoApp.swift */; };
		DE0002000000000000000002 /* ContentView.swift in Sources */ = {isa = PBXBuildFile; fileRef = DE0001000000000000000002 /* ContentView.swift */; };
		DE0002000000000000000010 /* ObservableState.swift in Sources */ = {isa = PBXBuildFile; fileRef = DE0001000000000000000010 /* ObservableState.swift */; };
		DE0002000000000000000011 /* DesignSystem.swift in Sources */ = {isa = PBXBuildFile; fileRef = DE0001000000000000000011 /* DesignSystem.swift */; };
		DE0002000000000000000012 /* CommonViews.swift in Sources */ = {isa = PBXBuildFile; fileRef = DE0001000000000000000012 /* CommonViews.swift */; };
		DE0002000000000000000013 /* TaskListView.swift in Sources */ = {isa = PBXBuildFile; fileRef = DE0001000000000000000013 /* TaskListView.swift */; };
		DE0002000000000000000014 /* TaskDetailView.swift in Sources */ = {isa = PBXBuildFile; fileRef = DE0001000000000000000014 /* TaskDetailView.swift */; };
		DE0002000000000000000015 /* TaskTreeView.swift in Sources */ = {isa = PBXBuildFile; fileRef = DE0001000000000000000015 /* TaskTreeView.swift */; };
		DE0002000000000000000016 /* TasksScreen.swift in Sources */ = {isa = PBXBuildFile; fileRef = DE0001000000000000000016 /* TasksScreen.swift */; };
		DE0002000000000000000017 /* PlanView.swift in Sources */ = {isa = PBXBuildFile; fileRef = DE0001000000000000000017 /* PlanView.swift */; };
		DE0002000000000000000030 /* Assets.xcassets in Resources */ = {isa = PBXBuildFile; fileRef = DE0001000000000000000030 /* Assets.xcassets */; };
		DE0002000000000000000031 /* LaunchScreen.storyboard in Resources */ = {isa = PBXBuildFile; fileRef = DE0001000000000000000031 /* LaunchScreen.storyboard */; };
		DE0002000000000000000021 /* SecondarySlotTests.swift in Sources */ = {isa = PBXBuildFile; fileRef = DE0001000000000000000021 /* SecondarySlotTests.swift */; };
		DE0002000000000000000022 /* StateBridgeTests.swift in Sources */ = {isa = PBXBuildFile; fileRef = DE0001000000000000000022 /* StateBridgeTests.swift */; };
/* End PBXBuildFile section */

/* Begin PBXContainerItemProxy section */
		DE000A000000000000000020 /* PBXContainerItemProxy */ = {
			isa = PBXContainerItemProxy;
			containerPortal = DE0006000000000000000001 /* Project object */;
			proxyType = 1;
			remoteGlobalIDString = DE0005000000000000000001;
			remoteInfo = iosApp;
		};
/* End PBXContainerItemProxy section */

/* Begin PBXFileReference section */
		DE0001000000000000000001 /* DefernoApp.swift */ = {isa = PBXFileReference; lastKnownFileType = sourcecode.swift; path = DefernoApp.swift; sourceTree = "<group>"; };
		DE0001000000000000000002 /* ContentView.swift */ = {isa = PBXFileReference; lastKnownFileType = sourcecode.swift; path = ContentView.swift; sourceTree = "<group>"; };
		DE0001000000000000000003 /* iosApp.app */ = {isa = PBXFileReference; explicitFileType = wrapper.application; includeInIndex = 0; path = iosApp.app; sourceTree = BUILT_PRODUCTS_DIR; };
		DE0001000000000000000010 /* ObservableState.swift */ = {isa = PBXFileReference; lastKnownFileType = sourcecode.swift; path = ObservableState.swift; sourceTree = "<group>"; };
		DE0001000000000000000011 /* DesignSystem.swift */ = {isa = PBXFileReference; lastKnownFileType = sourcecode.swift; path = DesignSystem.swift; sourceTree = "<group>"; };
		DE0001000000000000000012 /* CommonViews.swift */ = {isa = PBXFileReference; lastKnownFileType = sourcecode.swift; path = CommonViews.swift; sourceTree = "<group>"; };
		DE0001000000000000000013 /* TaskListView.swift */ = {isa = PBXFileReference; lastKnownFileType = sourcecode.swift; path = TaskListView.swift; sourceTree = "<group>"; };
		DE0001000000000000000014 /* TaskDetailView.swift */ = {isa = PBXFileReference; lastKnownFileType = sourcecode.swift; path = TaskDetailView.swift; sourceTree = "<group>"; };
		DE0001000000000000000015 /* TaskTreeView.swift */ = {isa = PBXFileReference; lastKnownFileType = sourcecode.swift; path = TaskTreeView.swift; sourceTree = "<group>"; };
		DE0001000000000000000016 /* TasksScreen.swift */ = {isa = PBXFileReference; lastKnownFileType = sourcecode.swift; path = TasksScreen.swift; sourceTree = "<group>"; };
		DE0001000000000000000017 /* PlanView.swift */ = {isa = PBXFileReference; lastKnownFileType = sourcecode.swift; path = PlanView.swift; sourceTree = "<group>"; };
		DE0001000000000000000030 /* Assets.xcassets */ = {isa = PBXFileReference; lastKnownFileType = folder.assetcatalog; path = Assets.xcassets; sourceTree = "<group>"; };
		DE0001000000000000000031 /* LaunchScreen.storyboard */ = {isa = PBXFileReference; lastKnownFileType = file.storyboard; path = LaunchScreen.storyboard; sourceTree = "<group>"; };
		DE0001000000000000000020 /* iosAppTests.xctest */ = {isa = PBXFileReference; explicitFileType = wrapper.cfbundle; includeInIndex = 0; path = iosAppTests.xctest; sourceTree = BUILT_PRODUCTS_DIR; };
		DE0001000000000000000021 /* SecondarySlotTests.swift */ = {isa = PBXFileReference; lastKnownFileType = sourcecode.swift; path = SecondarySlotTests.swift; sourceTree = "<group>"; };
		DE0001000000000000000022 /* StateBridgeTests.swift */ = {isa = PBXFileReference; lastKnownFileType = sourcecode.swift; path = StateBridgeTests.swift; sourceTree = "<group>"; };
/* End PBXFileReference section */

/* Begin PBXFrameworksBuildPhase section */
		DE0004000000000000000003 /* Frameworks */ = {
			isa = PBXFrameworksBuildPhase;
			buildActionMask = 2147483647;
			files = (
			);
			runOnlyForDeploymentPostprocessing = 0;
		};
		DE0004000000000000000021 /* Frameworks */ = {
			isa = PBXFrameworksBuildPhase;
			buildActionMask = 2147483647;
			files = (
			);
			runOnlyForDeploymentPostprocessing = 0;
		};
/* End PBXFrameworksBuildPhase section */

/* Begin PBXGroup section */
		DE0003000000000000000001 = {
			isa = PBXGroup;
			children = (
				DE0003000000000000000002 /* iosApp */,
				DE0003000000000000000020 /* iosAppTests */,
				DE0003000000000000000003 /* Products */,
			);
			sourceTree = "<group>";
		};
		DE0003000000000000000002 /* iosApp */ = {
			isa = PBXGroup;
			children = (
				DE0001000000000000000001 /* DefernoApp.swift */,
				DE0001000000000000000002 /* ContentView.swift */,
				DE0001000000000000000030 /* Assets.xcassets */,
				DE0001000000000000000031 /* LaunchScreen.storyboard */,
				DE0003000000000000000010 /* Bridge */,
				DE0003000000000000000011 /* DesignSystem */,
				DE0003000000000000000012 /* Common */,
				DE0003000000000000000013 /* Tasks */,
				DE0003000000000000000014 /* Plan */,
			);
			path = iosApp;
			sourceTree = "<group>";
		};
		DE0003000000000000000003 /* Products */ = {
			isa = PBXGroup;
			children = (
				DE0001000000000000000003 /* iosApp.app */,
				DE0001000000000000000020 /* iosAppTests.xctest */,
			);
			name = Products;
			sourceTree = "<group>";
		};
		DE0003000000000000000010 /* Bridge */ = {
			isa = PBXGroup;
			children = (
				DE0001000000000000000010 /* ObservableState.swift */,
			);
			path = Bridge;
			sourceTree = "<group>";
		};
		DE0003000000000000000011 /* DesignSystem */ = {
			isa = PBXGroup;
			children = (
				DE0001000000000000000011 /* DesignSystem.swift */,
			);
			path = DesignSystem;
			sourceTree = "<group>";
		};
		DE0003000000000000000012 /* Common */ = {
			isa = PBXGroup;
			children = (
				DE0001000000000000000012 /* CommonViews.swift */,
			);
			path = Common;
			sourceTree = "<group>";
		};
		DE0003000000000000000013 /* Tasks */ = {
			isa = PBXGroup;
			children = (
				DE0001000000000000000013 /* TaskListView.swift */,
				DE0001000000000000000014 /* TaskDetailView.swift */,
				DE0001000000000000000015 /* TaskTreeView.swift */,
				DE0001000000000000000016 /* TasksScreen.swift */,
			);
			path = Tasks;
			sourceTree = "<group>";
		};
		DE0003000000000000000014 /* Plan */ = {
			isa = PBXGroup;
			children = (
				DE0001000000000000000017 /* PlanView.swift */,
			);
			path = Plan;
			sourceTree = "<group>";
		};
		DE0003000000000000000020 /* iosAppTests */ = {
			isa = PBXGroup;
			children = (
				DE0001000000000000000021 /* SecondarySlotTests.swift */,
				DE0001000000000000000022 /* StateBridgeTests.swift */,
			);
			path = iosAppTests;
			sourceTree = "<group>";
		};
/* End PBXGroup section */

/* Begin PBXNativeTarget section */
		DE0005000000000000000001 /* iosApp */ = {
			isa = PBXNativeTarget;
			buildConfigurationList = DE0007000000000000000002 /* Build configuration list for PBXNativeTarget "iosApp" */;
			buildPhases = (
				DE0004000000000000000001 /* Build Deferno framework (Kotlin/Native) */,
				DE0004000000000000000002 /* Sources */,
				DE0004000000000000000003 /* Frameworks */,
				DE0004000000000000000004 /* Resources */,
			);
			buildRules = (
			);
			dependencies = (
			);
			name = iosApp;
			productName = iosApp;
			productReference = DE0001000000000000000003 /* iosApp.app */;
			productType = "com.apple.product-type.application";
		};
		DE0005000000000000000020 /* iosAppTests */ = {
			isa = PBXNativeTarget;
			buildConfigurationList = DE0007000000000000000020 /* Build configuration list for PBXNativeTarget "iosAppTests" */;
			buildPhases = (
				DE0004000000000000000020 /* Sources */,
				DE0004000000000000000021 /* Frameworks */,
				DE0004000000000000000022 /* Resources */,
			);
			buildRules = (
			);
			dependencies = (
				DE000B000000000000000020 /* PBXTargetDependency */,
			);
			name = iosAppTests;
			productName = iosAppTests;
			productReference = DE0001000000000000000020 /* iosAppTests.xctest */;
			productType = "com.apple.product-type.bundle.unit-test";
		};
/* End PBXNativeTarget section */

/* Begin PBXProject section */
		DE0006000000000000000001 /* Project object */ = {
			isa = PBXProject;
			attributes = {
				BuildIndependentTargetsInParallel = 1;
				LastSwiftUpdateCheck = 1520;
				LastUpgradeCheck = 1520;
				TargetAttributes = {
					DE0005000000000000000001 = {
						CreatedOnToolsVersion = 15.2;
					};
					DE0005000000000000000020 = {
						CreatedOnToolsVersion = 15.2;
						TestTargetID = DE0005000000000000000001;
					};
				};
			};
			buildConfigurationList = DE0007000000000000000001 /* Build configuration list for PBXProject "iosApp" */;
			compatibilityVersion = "Xcode 14.0";
			developmentRegion = en;
			hasScannedForEncodings = 0;
			knownRegions = (
				en,
				Base,
			);
			mainGroup = DE0003000000000000000001;
			productRefGroup = DE0003000000000000000003 /* Products */;
			projectDirPath = "";
			projectRoot = "";
			targets = (
				DE0005000000000000000001 /* iosApp */,
				DE0005000000000000000020 /* iosAppTests */,
			);
		};
/* End PBXProject section */

/* Begin PBXResourcesBuildPhase section */
		DE0004000000000000000004 /* Resources */ = {
			isa = PBXResourcesBuildPhase;
			buildActionMask = 2147483647;
			files = (
				DE0002000000000000000030 /* Assets.xcassets in Resources */,
				DE0002000000000000000031 /* LaunchScreen.storyboard in Resources */,
			);
			runOnlyForDeploymentPostprocessing = 0;
		};
		DE0004000000000000000022 /* Resources */ = {
			isa = PBXResourcesBuildPhase;
			buildActionMask = 2147483647;
			files = (
			);
			runOnlyForDeploymentPostprocessing = 0;
		};
/* End PBXResourcesBuildPhase section */

/* Begin PBXShellScriptBuildPhase section */
		DE0004000000000000000001 /* Build Deferno framework (Kotlin/Native) */ = {
			isa = PBXShellScriptBuildPhase;
			alwaysOutOfDate = 1;
			buildActionMask = 2147483647;
			files = (
			);
			inputFileListPaths = (
			);
			inputPaths = (
			);
			name = "Build Deferno framework (Kotlin/Native)";
			outputFileListPaths = (
			);
			outputPaths = (
			);
			runOnlyForDeploymentPostprocessing = 0;
			shellPath = /bin/sh;
			shellScript = "# Builds + stages the shared Kotlin/Native static `Deferno.framework` for the\n# current Xcode CONFIGURATION/SDK/ARCHS into $SRCROOT/build/xcode-frameworks,\n# which FRAMEWORK_SEARCH_PATHS points at. See app/iosApp/README.md.\nif [ \"YES\" = \"$OVERRIDE_KOTLIN_BUILD_IDE_SUPPORTED\" ]; then\n  echo \"Skipping Gradle: invoked from Kotlin IDE build support.\"\n  exit 0\nfi\ncd \"$SRCROOT/../..\"\n./gradlew :app:iosApp:embedAndSignAppleFrameworkForXcode\n";
		};
/* End PBXShellScriptBuildPhase section */

/* Begin PBXSourcesBuildPhase section */
		DE0004000000000000000002 /* Sources */ = {
			isa = PBXSourcesBuildPhase;
			buildActionMask = 2147483647;
			files = (
				DE0002000000000000000001 /* DefernoApp.swift in Sources */,
				DE0002000000000000000002 /* ContentView.swift in Sources */,
				DE0002000000000000000010 /* ObservableState.swift in Sources */,
				DE0002000000000000000011 /* DesignSystem.swift in Sources */,
				DE0002000000000000000012 /* CommonViews.swift in Sources */,
				DE0002000000000000000013 /* TaskListView.swift in Sources */,
				DE0002000000000000000014 /* TaskDetailView.swift in Sources */,
				DE0002000000000000000015 /* TaskTreeView.swift in Sources */,
				DE0002000000000000000016 /* TasksScreen.swift in Sources */,
				DE0002000000000000000017 /* PlanView.swift in Sources */,
			);
			runOnlyForDeploymentPostprocessing = 0;
		};
		DE0004000000000000000020 /* Sources */ = {
			isa = PBXSourcesBuildPhase;
			buildActionMask = 2147483647;
			files = (
				DE0002000000000000000021 /* SecondarySlotTests.swift in Sources */,
				DE0002000000000000000022 /* StateBridgeTests.swift in Sources */,
			);
			runOnlyForDeploymentPostprocessing = 0;
		};
/* End PBXSourcesBuildPhase section */

/* Begin PBXTargetDependency section */
		DE000B000000000000000020 /* PBXTargetDependency */ = {
			isa = PBXTargetDependency;
			target = DE0005000000000000000001 /* iosApp */;
			targetProxy = DE000A000000000000000020 /* PBXContainerItemProxy */;
		};
/* End PBXTargetDependency section */

/* Begin XCBuildConfiguration section */
		DE0008000000000000000001 /* Debug */ = {
			isa = XCBuildConfiguration;
			buildSettings = {
				ALWAYS_SEARCH_USER_PATHS = NO;
				CLANG_ENABLE_MODULES = YES;
				CLANG_ENABLE_OBJC_ARC = YES;
				COPY_PHASE_STRIP = NO;
				DEBUG_INFORMATION_FORMAT = dwarf;
				ENABLE_STRICT_OBJC_MSGSEND = YES;
				ENABLE_TESTABILITY = YES;
				ENABLE_USER_SCRIPT_SANDBOXING = NO;
				GCC_C_LANGUAGE_STANDARD = gnu17;
				GCC_DYNAMIC_NO_PIC = NO;
				GCC_OPTIMIZATION_LEVEL = 0;
				GCC_PREPROCESSOR_DEFINITIONS = (
					"DEBUG=1",
					"$(inherited)",
				);
				IPHONEOS_DEPLOYMENT_TARGET = 16.0;
				MTL_ENABLE_DEBUG_INFO = INCLUDE_SOURCE;
				ONLY_ACTIVE_ARCH = YES;
				SDKROOT = iphoneos;
				SWIFT_ACTIVE_COMPILATION_CONDITIONS = "DEBUG $(inherited)";
				SWIFT_OPTIMIZATION_LEVEL = "-Onone";
			};
			name = Debug;
		};
		DE0008000000000000000002 /* Release */ = {
			isa = XCBuildConfiguration;
			buildSettings = {
				ALWAYS_SEARCH_USER_PATHS = NO;
				CLANG_ENABLE_MODULES = YES;
				CLANG_ENABLE_OBJC_ARC = YES;
				COPY_PHASE_STRIP = NO;
				DEBUG_INFORMATION_FORMAT = "dwarf-with-dsym";
				ENABLE_NS_ASSERTIONS = NO;
				ENABLE_STRICT_OBJC_MSGSEND = YES;
				ENABLE_USER_SCRIPT_SANDBOXING = NO;
				GCC_C_LANGUAGE_STANDARD = gnu17;
				IPHONEOS_DEPLOYMENT_TARGET = 16.0;
				MTL_ENABLE_DEBUG_INFO = NO;
				SDKROOT = iphoneos;
				SWIFT_COMPILATION_MODE = wholemodule;
				SWIFT_OPTIMIZATION_LEVEL = "-O";
				VALIDATE_PRODUCT = YES;
			};
			name = Release;
		};
		DE0008000000000000000003 /* Debug */ = {
			isa = XCBuildConfiguration;
			buildSettings = {
				ASSETCATALOG_COMPILER_APPICON_NAME = AppIcon;
				CODE_SIGN_STYLE = Automatic;
				CURRENT_PROJECT_VERSION = 1;
				FRAMEWORK_SEARCH_PATHS = (
					"$(inherited)",
					"$(SRCROOT)/build/xcode-frameworks/$(CONFIGURATION)/$(SDK_NAME)",
				);
				GENERATE_INFOPLIST_FILE = YES;
				INFOPLIST_KEY_CFBundleDisplayName = Deferno;
				INFOPLIST_KEY_UILaunchStoryboardName = LaunchScreen;
				INFOPLIST_KEY_UISupportedInterfaceOrientations_iPad = "UIInterfaceOrientationPortrait UIInterfaceOrientationPortraitUpsideDown UIInterfaceOrientationLandscapeLeft UIInterfaceOrientationLandscapeRight";
				INFOPLIST_KEY_UISupportedInterfaceOrientations_iPhone = "UIInterfaceOrientationPortrait UIInterfaceOrientationLandscapeLeft UIInterfaceOrientationLandscapeRight";
				LD_RUNPATH_SEARCH_PATHS = (
					"$(inherited)",
					"@executable_path/Frameworks",
				);
				MARKETING_VERSION = 1.0;
				OTHER_LDFLAGS = (
					"$(inherited)",
					"-framework",
					Deferno,
				);
				PRODUCT_BUNDLE_IDENTIFIER = com.circuitstitch.deferno;
				PRODUCT_NAME = "$(TARGET_NAME)";
				SWIFT_EMIT_LOC_STRINGS = YES;
				SWIFT_VERSION = 5.0;
				TARGETED_DEVICE_FAMILY = "1,2";
			};
			name = Debug;
		};
		DE0008000000000000000004 /* Release */ = {
			isa = XCBuildConfiguration;
			buildSettings = {
				ASSETCATALOG_COMPILER_APPICON_NAME = AppIcon;
				CODE_SIGN_STYLE = Automatic;
				CURRENT_PROJECT_VERSION = 1;
				FRAMEWORK_SEARCH_PATHS = (
					"$(inherited)",
					"$(SRCROOT)/build/xcode-frameworks/$(CONFIGURATION)/$(SDK_NAME)",
				);
				GENERATE_INFOPLIST_FILE = YES;
				INFOPLIST_KEY_CFBundleDisplayName = Deferno;
				INFOPLIST_KEY_UILaunchStoryboardName = LaunchScreen;
				INFOPLIST_KEY_UISupportedInterfaceOrientations_iPad = "UIInterfaceOrientationPortrait UIInterfaceOrientationPortraitUpsideDown UIInterfaceOrientationLandscapeLeft UIInterfaceOrientationLandscapeRight";
				INFOPLIST_KEY_UISupportedInterfaceOrientations_iPhone = "UIInterfaceOrientationPortrait UIInterfaceOrientationLandscapeLeft UIInterfaceOrientationLandscapeRight";
				LD_RUNPATH_SEARCH_PATHS = (
					"$(inherited)",
					"@executable_path/Frameworks",
				);
				MARKETING_VERSION = 1.0;
				OTHER_LDFLAGS = (
					"$(inherited)",
					"-framework",
					Deferno,
				);
				PRODUCT_BUNDLE_IDENTIFIER = com.circuitstitch.deferno;
				PRODUCT_NAME = "$(TARGET_NAME)";
				SWIFT_EMIT_LOC_STRINGS = YES;
				SWIFT_VERSION = 5.0;
				TARGETED_DEVICE_FAMILY = "1,2";
			};
			name = Release;
		};
		DE0008000000000000000020 /* Debug */ = {
			isa = XCBuildConfiguration;
			buildSettings = {
				BUNDLE_LOADER = "$(TEST_HOST)";
				CODE_SIGN_STYLE = Automatic;
				CURRENT_PROJECT_VERSION = 1;
				FRAMEWORK_SEARCH_PATHS = (
					"$(inherited)",
					"$(SRCROOT)/build/xcode-frameworks/$(CONFIGURATION)/$(SDK_NAME)",
				);
				GENERATE_INFOPLIST_FILE = YES;
				IPHONEOS_DEPLOYMENT_TARGET = 16.0;
				LD_RUNPATH_SEARCH_PATHS = (
					"$(inherited)",
					"@executable_path/Frameworks",
					"@loader_path/Frameworks",
				);
				MARKETING_VERSION = 1.0;
				PRODUCT_BUNDLE_IDENTIFIER = com.circuitstitch.deferno.iosAppTests;
				PRODUCT_NAME = "$(TARGET_NAME)";
				SWIFT_EMIT_LOC_STRINGS = NO;
				SWIFT_VERSION = 5.0;
				TARGETED_DEVICE_FAMILY = "1,2";
				TEST_HOST = "$(BUILT_PRODUCTS_DIR)/iosApp.app/iosApp";
			};
			name = Debug;
		};
		DE0008000000000000000021 /* Release */ = {
			isa = XCBuildConfiguration;
			buildSettings = {
				BUNDLE_LOADER = "$(TEST_HOST)";
				CODE_SIGN_STYLE = Automatic;
				CURRENT_PROJECT_VERSION = 1;
				FRAMEWORK_SEARCH_PATHS = (
					"$(inherited)",
					"$(SRCROOT)/build/xcode-frameworks/$(CONFIGURATION)/$(SDK_NAME)",
				);
				GENERATE_INFOPLIST_FILE = YES;
				IPHONEOS_DEPLOYMENT_TARGET = 16.0;
				LD_RUNPATH_SEARCH_PATHS = (
					"$(inherited)",
					"@executable_path/Frameworks",
					"@loader_path/Frameworks",
				);
				MARKETING_VERSION = 1.0;
				PRODUCT_BUNDLE_IDENTIFIER = com.circuitstitch.deferno.iosAppTests;
				PRODUCT_NAME = "$(TARGET_NAME)";
				SWIFT_EMIT_LOC_STRINGS = NO;
				SWIFT_VERSION = 5.0;
				TARGETED_DEVICE_FAMILY = "1,2";
				TEST_HOST = "$(BUILT_PRODUCTS_DIR)/iosApp.app/iosApp";
			};
			name = Release;
		};
/* End XCBuildConfiguration section */

/* Begin XCConfigurationList section */
		DE0007000000000000000001 /* Build configuration list for PBXProject "iosApp" */ = {
			isa = XCConfigurationList;
			buildConfigurations = (
				DE0008000000000000000001 /* Debug */,
				DE0008000000000000000002 /* Release */,
			);
			defaultConfigurationIsVisible = 0;
			defaultConfigurationName = Release;
		};
		DE0007000000000000000002 /* Build configuration list for PBXNativeTarget "iosApp" */ = {
			isa = XCConfigurationList;
			buildConfigurations = (
				DE0008000000000000000003 /* Debug */,
				DE0008000000000000000004 /* Release */,
			);
			defaultConfigurationIsVisible = 0;
			defaultConfigurationName = Release;
		};
		DE0007000000000000000020 /* Build configuration list for PBXNativeTarget "iosAppTests" */ = {
			isa = XCConfigurationList;
			buildConfigurations = (
				DE0008000000000000000020 /* Debug */,
				DE0008000000000000000021 /* Release */,
			);
			defaultConfigurationIsVisible = 0;
			defaultConfigurationName = Release;
		};
/* End XCConfigurationList section */
	};
	rootObject = DE0006000000000000000001 /* Project object */;
}
